// !$*UTF8*$!
{
	archiveVersion = 1;
	classes = {
	};
	objectVersion = 46;
	objects = {

/* Begin PBXBuildFile section */
		656728D81AC4A3D8008984A6 /* main.cpp in Sources */ = {isa = PBXBuildFile; fileRef = 656728D71AC4A3D8008984A6 /* main.cpp */; };
		656728E01AC4A478008984A6 /* gettoken2.cpp in Sources */ = {isa = PBXBuildFile; fileRef = 656728DF1AC4A478008984A6 /* gettoken2.cpp */; };
		65FED9EA1ACDCC6600034991 /* testfile.cpp in Sources */ = {isa = PBXBuildFile; fileRef = 65FED9E91ACDCC6600034991 /* testfile.cpp */; };
/* End PBXBuildFile section */

/* Begin PBXCopyFilesBuildPhase section */
		656728D21AC4A3D8008984A6 /* CopyFiles */ = {
			isa = PBXCopyFilesBuildPhase;
			buildActionMask = 2147483647;
			dstPath = /usr/share/man/man1/;
			dstSubfolderSpec = 0;
			files = (
			);
			runOnlyForDeploymentPostprocessing = 1;
		};
/* End PBXCopyFilesBuildPhase section */

/* Begin PBXFileReference section */
		656728D41AC4A3D8008984A6 /* project3 */ = {isa = PBXFileReference; explicitFileType = "compiled.mach-o.executable"; includeInIndex = 0; path = project3; sourceTree = BUILT_PRODUCTS_DIR; };
		656728D71AC4A3D8008984A6 /* main.cpp */ = {isa = PBXFileReference; lastKnownFileType = sourcecode.cpp.cpp; path = main.cpp; sourceTree = "<group>"; };
		656728DE1AC4A431008984A6 /* p2lex.h */ = {isa = PBXFileReference; fileEncoding = 4; lastKnownFileType = sourcecode.c.h; path = p2lex.h; sourceTree = "<group>"; };
		656728DF1AC4A478008984A6 /* gettoken2.cpp */ = {isa = PBXFileReference; fileEncoding = 4; lastKnownFileType = sourcecode.cpp.cpp; path = gettoken2.cpp; sourceTree = "<group>"; };
		65FED9E91ACDCC6600034991 /* testfile.cpp */ = {isa = PBXFileReference; fileEncoding = 4; lastKnownFileType = sourcecode.cpp.cpp; path = testfile.cpp; sourceTree = "<group>"; };
/* End PBXFileReference section */

/* Begin PBXFrameworksBuildPhase section */
		656728D11AC4A3D8008984A6 /* Frameworks */ = {
			isa = PBXFrameworksBuildPhase;
			buildActionMask = 2147483647;
			files = (
			);
			runOnlyForDeploymentPostprocessing = 0;
		};
/* End PBXFrameworksBuildPhase section */

/* Begin PBXGroup section */
		656728CB1AC4A3D8008984A6 = {
			isa = PBXGroup;
			children = (
				656728D61AC4A3D8008984A6 /* project3 */,
				656728D51AC4A3D8008984A6 /* Products */,
			);
			sourceTree = "<group>";
		};
		656728D51AC4A3D8008984A6 /* Products */ = {
			isa = PBXGroup;
			children = (
				656728D41AC4A3D8008984A6 /* project3 */,
			);
			name = Products;
			sourceTree = "<group>";
		};
		656728D61AC4A3D8008984A6 /* project3 */ = {
			isa = PBXGroup;
			children = (
				656728D71AC4A3D8008984A6 /* main.cpp */,
				65FED9E91ACDCC6600034991 /* testfile.cpp */,
				656728DF1AC4A478008984A6 /* gettoken2.cpp */,
				656728DE1AC4A431008984A6 /* p2lex.h */,
			);
			path = project3;
			sourceTree = "<group>";
		};
/* End PBXGroup section */

/* Begin PBXNativeTarget section */
		656728D31AC4A3D8008984A6 /* project3 */ = {
			isa = PBXNativeTarget;
			buildConfigurationList = 656728DB1AC4A3D8008984A6 /* Build configuration list for PBXNativeTarget "project3" */;
			buildPhases = (
				656728D01AC4A3D8008984A6 /* Sources */,
				656728D11AC4A3D8008984A6 /* Frameworks */,
				656728D21AC4A3D8008984A6 /* CopyFiles */,
			);
			buildRules = (
			);
			dependencies = (
			);
			name = project3;
			productName = project3;
			productReference = 656728D41AC4A3D8008984A6 /* project3 */;
			productType = "com.apple.product-type.tool";
		};
/* End PBXNativeTarget section */

/* Begin PBXProject section */
		656728CC1AC4A3D8008984A6 /* Project object */ = {
			isa = PBXProject;
			attributes = {
				LastUpgradeCheck = 0620;
				ORGANIZATIONNAME = "Mina Morcos";
				TargetAttributes = {
					656728D31AC4A3D8008984A6 = {
						CreatedOnToolsVersion = 6.2;
					};
				};
			};
			buildConfigurationList = 656728CF1AC4A3D8008984A6 /* Build configuration list for PBXProject "project3" */;
			compatibilityVersion = "Xcode 3.2";
			developmentRegion = English;
			hasScannedForEncodings = 0;
			knownRegions = (
				en,
			);
			mainGroup = 656728CB1AC4A3D8008984A6;
			productRefGroup = 656728D51AC4A3D8008984A6 /* Products */;
			projectDirPath = "";
			projectRoot = "";
			targets = (
				656728D31AC4A3D8008984A6 /* project3 */,
			);
		};
/* End PBXProject section */

/* Begin PBXSourcesBuildPhase section */
		656728D01AC4A3D8008984A6 /* Sources */ = {
			isa = PBXSourcesBuildPhase;
			buildActionMask = 2147483647;
			files = (
				656728D81AC4A3D8008984A6 /* main.cpp in Sources */,
				65FED9EA1ACDCC6600034991 /* testfile.cpp in Sources */,
				656728E01AC4A478008984A6 /* gettoken2.cpp in Sources */,
			);
			runOnlyForDeploymentPostprocessing = 0;
		};
/* End PBXSourcesBuildPhase section */

/* Begin XCBuildConfiguration section */
		656728D91AC4A3D8008984A6 /* Debug */ = {
			isa = XCBuildConfiguration;
			buildSettings = {
				ALWAYS_SEARCH_USER_PATHS = NO;
				CLANG_CXX_LANGUAGE_STANDARD = "gnu++0x";
				CLANG_CXX_LIBRARY = "libc++";
				CLANG_ENABLE_MODULES = YES;
				CLANG_ENABLE_OBJC_ARC = YES;
				CLANG_WARN_BOOL_CONVERSION = YES;
				CLANG_WARN_CONSTANT_CONVERSION = YES;
				CLANG_WARN_DIRECT_OBJC_ISA_USAGE = YES_ERROR;
				CLANG_WARN_EMPTY_BODY = YES;
				CLANG_WARN_ENUM_CONVERSION = YES;
				CLANG_WARN_INT_CONVERSION = YES;
				CLANG_WARN_OBJC_ROOT_CLASS = YES_ERROR;
				CLANG_WARN_UNREACHABLE_CODE = YES;
				CLANG_WARN__DUPLICATE_METHOD_MATCH = YES;
				COPY_PHASE_STRIP = NO;
				ENABLE_STRICT_OBJC_MSGSEND = YES;
				GCC_C_LANGUAGE_STANDARD = gnu99;
				GCC_DYNAMIC_NO_PIC = NO;
				GCC_OPTIMIZATION_LEVEL = 0;
				GCC_PREPROCESSOR_DEFINITIONS = (
					"DEBUG=1",
					"$(inherited)",
				);
				GCC_SYMBOLS_PRIVATE_EXTERN = NO;
				GCC_WARN_64_TO_32_BIT_CONVERSION = YES;
				GCC_WARN_ABOUT_RETURN_TYPE = YES_ERROR;
				GCC_WARN_UNDECLARED_SELECTOR = YES;
				GCC_WARN_UNINITIALIZED_AUTOS = YES_AGGRESSIVE;
				GCC_WARN_UNUSED_FUNCTION = YES;
				GCC_WARN_UNUSED_VARIABLE = YES;
				MACOSX_DEPLOYMENT_TARGET = 10.10;
				MTL_ENABLE_DEBUG_INFO = YES;
				ONLY_ACTIVE_ARCH = YES;
				SDKROOT = macosx;
			};
			name = Debug;
		};
		656728DA1AC4A3D8008984A6 /* Release */ = {
			isa = XCBuildConfiguration;
			buildSettings = {
				ALWAYS_SEARCH_USER_PATHS = NO;
				CLANG_CXX_LANGUAGE_STANDARD = "gnu++0x";
				CLANG_CXX_LIBRARY = "libc++";
				CLANG_ENABLE_MODULES = YES;
				CLANG_ENABLE_OBJC_ARC = YES;
				CLANG_WARN_BOOL_CONVERSION = YES;
				CLANG_WARN_CONSTANT_CONVERSION = YES;
				CLANG_WARN_DIRECT_OBJC_ISA_USAGE = YES_ERROR;
				CLANG_WARN_EMPTY_BODY = YES;
				CLANG_WARN_ENUM_CONVERSION = YES;
				CLANG_WARN_INT_CONVERSION = YES;
				CLANG_WARN_OBJC_ROOT_CLASS = YES_ERROR;
				CLANG_WARN_UNREACHABLE_CODE = YES;
				CLANG_WARN__DUPLICATE_METHOD_MATCH = YES;
				COPY_PHASE_STRIP = NO;
				DEBUG_INFORMATION_FORMAT = "dwarf-with-dsym";
				ENABLE_NS_ASSERTIONS = NO;
				ENABLE_STRICT_OBJC_MSGSEND = YES;
				GCC_C_LANGUAGE_STANDARD = gnu99;
				GCC_WARN_64_TO_32_BIT_CONVERSION = YES;
				GCC_WARN_ABOUT_RETURN_TYPE = YES_ERROR;
				GCC_WARN_UNDECLARED_SELECTOR = YES;
				GCC_WARN_UNINITIALIZED_AUTOS = YES_AGGRESSIVE;
				GCC_WARN_UNUSED_FUNCTION = YES;
				GCC_WARN_UNUSED_VARIABLE = YES;
				MACOSX_DEPLOYMENT_TARGET = 10.10;
				MTL_ENABLE_DEBUG_INFO = NO;
				SDKROOT = macosx;
			};
			name = Release;
		};
		656728DC1AC4A3D8008984A6 /* Debug */ = {
			isa = XCBuildConfiguration;
			buildSettings = {
				PRODUCT_NAME = "$(TARGET_NAME)";
			};
			name = Debug;
		};
		656728DD1AC4A3D8008984A6 /* Release */ = {
			isa = XCBuildConfiguration;
			buildSettings = {
				PRODUCT_NAME = "$(TARGET_NAME)";
			};
			name = Release;
		};
/* End XCBuildConfiguration section */

/* Begin XCConfigurationList section */
		656728CF1AC4A3D8008984A6 /* Build configuration list for PBXProject "project3" */ = {
			isa = XCConfigurationList;
			buildConfigurations = (
				656728D91AC4A3D8008984A6 /* Debug */,
				656728DA1AC4A3D8008984A6 /* Release */,
			);
			defaultConfigurationIsVisible = 0;
			defaultConfigurationName = Release;
		};
		656728DB1AC4A3D8008984A6 /* Build configuration list for PBXNativeTarget "project3" */ = {
			isa = XCConfigurationList;
			buildConfigurations = (
				656728DC1AC4A3D8008984A6 /* Debug */,
				656728DD1AC4A3D8008984A6 /* Release */,
			);
			defaultConfigurationIsVisible = 0;
			defaultConfigurationName = Release;
		};
/* End XCConfigurationList section */
	};
	rootObject = 656728CC1AC4A3D8008984A6 /* Project object */;
}
